[[package]]
name = "bitfield"
version = "0.13.1"
source = "registry+https://github.com/rust-lang/crates.io-index"

[[package]]
name = "rnes"
version = "0.1.0"
dependencies = [
 "bitfield 0.13.1 (registry+https://github.com/rust-lang/crates.io-index)",
]

[metadata]
"checksum bitfield 0.13.1 (registry+https://github.com/rust-lang/crates.io-index)" = "a260ed6b9f3ca16a4389390b1b1cd15a3bc0a9d3e63b1ef39f4978cec58a4e83"
